
Microsoft Visual Studio Solution File, Format Version 12.00
# Visual Studio Version 17
VisualStudioVersion = 17.5.33502.453
MinimumVisualStudioVersion = 10.0.40219.1
Project("{9A19103F-16F7-4668-BE54-9A1E7A4F7556}") = "CarRentalAPI", "CarRentalAPI.csproj", "{264C5EB2-E90B-4507-853B-FDEE440DCC95}"
EndProject
Global
	GlobalSection(SolutionConfigurationPlatforms) = preSolution
		Debug|Any CPU = Debug|Any CPU
		Release|Any CPU = Release|Any CPU
	EndGlobalSection
	GlobalSection(ProjectConfigurationPlatforms) = postSolution
		{264C5EB2-E90B-4507-853B-FDEE440DCC95}.Debug|Any CPU.ActiveCfg = Debug|Any CPU
		{264C5EB2-E90B-4507-853B-FDEE440DCC95}.Debug|Any CPU.Build.0 = Debug|Any CPU
		{264C5EB2-E90B-4507-853B-FDEE440DCC95}.Release|Any CPU.ActiveCfg = Release|Any CPU
		{264C5EB2-E90B-4507-853B-FDEE440DCC95}.Release|Any CPU.Build.0 = Release|Any CPU
	EndGlobalSection
	GlobalSection(SolutionProperties) = preSolution
		HideSolutionNode = FALSE
	EndGlobalSection
	GlobalSection(ExtensibilityGlobals) = postSolution
		SolutionGuid = {B4DC4FD8-8F47-4BF8-85CF-D08FD7FFC0A1}
	EndGlobalSection
EndGlobal
